
Microsoft Visual Studio Solution File, Format Version 12.00
# Visual Studio Version 16
VisualStudioVersion = 25.0.1704.1
MinimumVisualStudioVersion = 10.0.40219.1
Project("{FAE04EC0-301F-11D3-BF4B-00C04F79EFBC}") = "BestBuy_Dapper_Demo", "BestBuy_Dapper_Demo\BestBuy_Dapper_Demo.csproj", "{4970DFBC-BE11-453D-9F9F-5E02DCEFDDCF}"
EndProject
Global
	GlobalSection(SolutionConfigurationPlatforms) = preSolution
		Debug|Any CPU = Debug|Any CPU
		Release|Any CPU = Release|Any CPU
	EndGlobalSection
	GlobalSection(ProjectConfigurationPlatforms) = postSolution
		{4970DFBC-BE11-453D-9F9F-5E02DCEFDDCF}.Debug|Any CPU.ActiveCfg = Debug|Any CPU
		{4970DFBC-BE11-453D-9F9F-5E02DCEFDDCF}.Debug|Any CPU.Build.0 = Debug|Any CPU
		{4970DFBC-BE11-453D-9F9F-5E02DCEFDDCF}.Release|Any CPU.ActiveCfg = Release|Any CPU
		{4970DFBC-BE11-453D-9F9F-5E02DCEFDDCF}.Release|Any CPU.Build.0 = Release|Any CPU
	EndGlobalSection
	GlobalSection(SolutionProperties) = preSolution
		HideSolutionNode = FALSE
	EndGlobalSection
	GlobalSection(ExtensibilityGlobals) = postSolution
		SolutionGuid = {DBF1E27A-190A-4919-86B0-73D2C2ABA366}
	EndGlobalSection
EndGlobal
